PODS:
  - NativeBridgeLib (0.1.4):
    - YYCache
  - SSZipArchive (2.2.3)
  - WebViewJavascriptBridge (6.0.3)
  - YYCache (1.0.4)

DEPENDENCIES:
  - NativeBridgeLib (from `../`)
  - SSZipArchive
  - WebViewJavascriptBridge (~> 6.0)

SPEC REPOS:
  trunk:
    - SSZipArchive
    - WebViewJavascriptBridge
    - YYCache

EXTERNAL SOURCES:
  NativeBridgeLib:
    :path: "../"

SPEC CHECKSUMS:
  NativeBridgeLib: 602568351e1bcf5ee088a66d22c5a806938b1291
  SSZipArchive: 62d4947b08730e4cda640473b0066d209ff033c9
  WebViewJavascriptBridge: 7f5bc4d3581e672e8f32bd0f812d54bc69bb8e29
  YYCache: 8105b6638f5e849296c71f331ff83891a4942952

PODFILE CHECKSUM: 5bfb3dd815c0897812cfbf7ac9e76c4e7cfec898

COCOAPODS: 1.10.1
